
Microsoft Visual Studio Solution File, Format Version 12.00
# Visual Studio Version 16
VisualStudioVersion = 16.0.30804.86
MinimumVisualStudioVersion = 10.0.40219.1
Project("{00D1A9C2-B5F0-4AF3-8072-F6C62B433612}") = "CDS-TEST", "Database1\CDS-TEST.sqlproj", "{202F4E50-C826-43E8-96E9-2E80A768085C}"
EndProject
Project("{159641D6-6404-4A2A-AE62-294DE0FE8301}") = "Integration Services Project1", "Integration Services Project1\Integration Services Project1.dtproj", "{4079F4E0-24F6-4C9D-9D94-C459A384989B}"
EndProject
Global
	GlobalSection(SolutionConfigurationPlatforms) = preSolution
		Azure|Any CPU = Azure|Any CPU
		Debug|Any CPU = Debug|Any CPU
		Development|Any CPU = Development|Any CPU
		Release|Any CPU = Release|Any CPU
	EndGlobalSection
	GlobalSection(ProjectConfigurationPlatforms) = postSolution
		{202F4E50-C826-43E8-96E9-2E80A768085C}.Azure|Any CPU.ActiveCfg = Release|Any CPU
		{202F4E50-C826-43E8-96E9-2E80A768085C}.Azure|Any CPU.Build.0 = Release|Any CPU
		{202F4E50-C826-43E8-96E9-2E80A768085C}.Azure|Any CPU.Deploy.0 = Release|Any CPU
		{202F4E50-C826-43E8-96E9-2E80A768085C}.Debug|Any CPU.ActiveCfg = Debug|Any CPU
		{202F4E50-C826-43E8-96E9-2E80A768085C}.Debug|Any CPU.Build.0 = Debug|Any CPU
		{202F4E50-C826-43E8-96E9-2E80A768085C}.Debug|Any CPU.Deploy.0 = Debug|Any CPU
		{202F4E50-C826-43E8-96E9-2E80A768085C}.Development|Any CPU.ActiveCfg = Debug|Any CPU
		{202F4E50-C826-43E8-96E9-2E80A768085C}.Development|Any CPU.Build.0 = Debug|Any CPU
		{202F4E50-C826-43E8-96E9-2E80A768085C}.Development|Any CPU.Deploy.0 = Debug|Any CPU
		{202F4E50-C826-43E8-96E9-2E80A768085C}.Release|Any CPU.ActiveCfg = Release|Any CPU
		{202F4E50-C826-43E8-96E9-2E80A768085C}.Release|Any CPU.Build.0 = Release|Any CPU
		{202F4E50-C826-43E8-96E9-2E80A768085C}.Release|Any CPU.Deploy.0 = Release|Any CPU
		{4079F4E0-24F6-4C9D-9D94-C459A384989B}.Azure|Any CPU.ActiveCfg = Azure
		{4079F4E0-24F6-4C9D-9D94-C459A384989B}.Azure|Any CPU.Build.0 = Azure
		{4079F4E0-24F6-4C9D-9D94-C459A384989B}.Debug|Any CPU.ActiveCfg = Development
		{4079F4E0-24F6-4C9D-9D94-C459A384989B}.Debug|Any CPU.Build.0 = Development
		{4079F4E0-24F6-4C9D-9D94-C459A384989B}.Development|Any CPU.ActiveCfg = Development
		{4079F4E0-24F6-4C9D-9D94-C459A384989B}.Development|Any CPU.Build.0 = Development
		{4079F4E0-24F6-4C9D-9D94-C459A384989B}.Release|Any CPU.ActiveCfg = Azure
		{4079F4E0-24F6-4C9D-9D94-C459A384989B}.Release|Any CPU.Build.0 = Azure
	EndGlobalSection
	GlobalSection(SolutionProperties) = preSolution
		HideSolutionNode = FALSE
	EndGlobalSection
	GlobalSection(ExtensibilityGlobals) = postSolution
		SolutionGuid = {3C2FBA7C-8DFB-4C4A-BBF1-D9880318A20D}
	EndGlobalSection
EndGlobal
